
Microsoft Visual Studio Solution File, Format Version 12.00
# Visual Studio Version 17
VisualStudioVersion = 17.8.34330.188
MinimumVisualStudioVersion = 10.0.40219.1
Project("{FAE04EC0-301F-11D3-BF4B-00C04F79EFBC}") = "DesignPractise", "DesignPractise\DesignPractise.csproj", "{C8656246-199E-436D-94B8-B3D496B6DB8D}"
EndProject
Global
	GlobalSection(SolutionConfigurationPlatforms) = preSolution
		Debug|Any CPU = Debug|Any CPU
		Release|Any CPU = Release|Any CPU
	EndGlobalSection
	GlobalSection(ProjectConfigurationPlatforms) = postSolution
		{C8656246-199E-436D-94B8-B3D496B6DB8D}.Debug|Any CPU.ActiveCfg = Debug|Any CPU
		{C8656246-199E-436D-94B8-B3D496B6DB8D}.Debug|Any CPU.Build.0 = Debug|Any CPU
		{C8656246-199E-436D-94B8-B3D496B6DB8D}.Debug|Any CPU.Deploy.0 = Debug|Any CPU
		{C8656246-199E-436D-94B8-B3D496B6DB8D}.Release|Any CPU.ActiveCfg = Release|Any CPU
		{C8656246-199E-436D-94B8-B3D496B6DB8D}.Release|Any CPU.Build.0 = Release|Any CPU
		{C8656246-199E-436D-94B8-B3D496B6DB8D}.Release|Any CPU.Deploy.0 = Release|Any CPU
	EndGlobalSection
	GlobalSection(SolutionProperties) = preSolution
		HideSolutionNode = FALSE
	EndGlobalSection
	GlobalSection(ExtensibilityGlobals) = postSolution
		SolutionGuid = {FD8F63DD-4A01-4966-BCCB-FA63CB4160E1}
	EndGlobalSection
EndGlobal
